
Microsoft Visual Studio Solution File, Format Version 12.00
# Visual Studio Version 17
VisualStudioVersion = 17.9.34723.18
MinimumVisualStudioVersion = 10.0.40219.1
Project("{FAE04EC0-301F-11D3-BF4B-00C04F79EFBC}") = "상품Common", "상품Common\상품Common.csproj", "{A04E3B00-5AA3-4F3A-95CE-54C5314FEB56}"
EndProject
Global
	GlobalSection(SolutionConfigurationPlatforms) = preSolution
		Debug|Any CPU = Debug|Any CPU
		Release|Any CPU = Release|Any CPU
	EndGlobalSection
	GlobalSection(ProjectConfigurationPlatforms) = postSolution
		{A04E3B00-5AA3-4F3A-95CE-54C5314FEB56}.Debug|Any CPU.ActiveCfg = Debug|Any CPU
		{A04E3B00-5AA3-4F3A-95CE-54C5314FEB56}.Debug|Any CPU.Build.0 = Debug|Any CPU
		{A04E3B00-5AA3-4F3A-95CE-54C5314FEB56}.Release|Any CPU.ActiveCfg = Release|Any CPU
		{A04E3B00-5AA3-4F3A-95CE-54C5314FEB56}.Release|Any CPU.Build.0 = Release|Any CPU
	EndGlobalSection
	GlobalSection(SolutionProperties) = preSolution
		HideSolutionNode = FALSE
	EndGlobalSection
	GlobalSection(ExtensibilityGlobals) = postSolution
		SolutionGuid = {35338E24-A524-48FC-8312-FC2832CBC447}
	EndGlobalSection
EndGlobal
